
Microsoft Visual Studio Solution File, Format Version 12.00
# Visual Studio Version 17
VisualStudioVersion = 17.6.33801.468
MinimumVisualStudioVersion = 10.0.40219.1
Project("{8BC9CEB8-8B4A-11D0-8D11-00A0C91BC942}") = "DRIPipeLineUi", "DRIPipeLineUi\DRIPipeLineUi.vcxproj", "{E071FE94-74A8-47AF-A391-7F229339C8AE}"
	ProjectSection(ProjectDependencies) = postProject
		{32DC8B4C-3F61-4980-9A15-2A23937A2E96} = {32DC8B4C-3F61-4980-9A15-2A23937A2E96}
		{F87873B0-2B5D-4D52-8FD5-BE1CDC50B2E3} = {F87873B0-2B5D-4D52-8FD5-BE1CDC50B2E3}
	EndProjectSection
EndProject
Project("{8BC9CEB8-8B4A-11D0-8D11-00A0C91BC942}") = "LoaderUnloader", "LoaderUnloader\LoaderUnloader.vcxproj", "{A31A6F73-8373-4143-944B-27E3C691C203}"
EndProject
Project("{8BC9CEB8-8B4A-11D0-8D11-00A0C91BC942}") = "PipeLineObj", "PipeLineObj\PipeLineObj.vcxproj", "{F87873B0-2B5D-4D52-8FD5-BE1CDC50B2E3}"
EndProject
Project("{8BC9CEB8-8B4A-11D0-8D11-00A0C91BC942}") = "DRIText", "DRIText\DRIText.vcxproj", "{32DC8B4C-3F61-4980-9A15-2A23937A2E96}"
EndProject
Project("{8BC9CEB8-8B4A-11D0-8D11-00A0C91BC942}") = "DRIMText", "DRIMText\DRIMText.vcxproj", "{3201652B-7D97-43F4-8F91-C4FE74413D72}"
EndProject
Project("{8BC9CEB8-8B4A-11D0-8D11-00A0C91BC942}") = "DRICommands", "DRICommands\DRICommands.vcxproj", "{E161DCCB-4DF3-4DBD-90F7-2C2BA3AEE19C}"
EndProject
Project("{8BC9CEB8-8B4A-11D0-8D11-00A0C91BC942}") = "Test2025", "Test2025\Test2025.vcxproj", "{51982A78-561A-4829-AA51-F0F35F48E082}"
EndProject
Global
	GlobalSection(SolutionConfigurationPlatforms) = preSolution
		Debug|x64 = Debug|x64
		Release|x64 = Release|x64
	EndGlobalSection
	GlobalSection(ProjectConfigurationPlatforms) = postSolution
		{E071FE94-74A8-47AF-A391-7F229339C8AE}.Debug|x64.ActiveCfg = Debug|x64
		{E071FE94-74A8-47AF-A391-7F229339C8AE}.Debug|x64.Build.0 = Debug|x64
		{E071FE94-74A8-47AF-A391-7F229339C8AE}.Release|x64.ActiveCfg = Release|x64
		{E071FE94-74A8-47AF-A391-7F229339C8AE}.Release|x64.Build.0 = Release|x64
		{A31A6F73-8373-4143-944B-27E3C691C203}.Debug|x64.ActiveCfg = Debug|x64
		{A31A6F73-8373-4143-944B-27E3C691C203}.Debug|x64.Build.0 = Debug|x64
		{A31A6F73-8373-4143-944B-27E3C691C203}.Release|x64.ActiveCfg = Release|x64
		{A31A6F73-8373-4143-944B-27E3C691C203}.Release|x64.Build.0 = Release|x64
		{F87873B0-2B5D-4D52-8FD5-BE1CDC50B2E3}.Debug|x64.ActiveCfg = Debug|x64
		{F87873B0-2B5D-4D52-8FD5-BE1CDC50B2E3}.Debug|x64.Build.0 = Debug|x64
		{F87873B0-2B5D-4D52-8FD5-BE1CDC50B2E3}.Release|x64.ActiveCfg = Release|x64
		{F87873B0-2B5D-4D52-8FD5-BE1CDC50B2E3}.Release|x64.Build.0 = Release|x64
		{32DC8B4C-3F61-4980-9A15-2A23937A2E96}.Debug|x64.ActiveCfg = Debug|x64
		{32DC8B4C-3F61-4980-9A15-2A23937A2E96}.Debug|x64.Build.0 = Debug|x64
		{32DC8B4C-3F61-4980-9A15-2A23937A2E96}.Release|x64.ActiveCfg = Release|x64
		{32DC8B4C-3F61-4980-9A15-2A23937A2E96}.Release|x64.Build.0 = Release|x64
		{3201652B-7D97-43F4-8F91-C4FE74413D72}.Debug|x64.ActiveCfg = Debug|x64
		{3201652B-7D97-43F4-8F91-C4FE74413D72}.Debug|x64.Build.0 = Debug|x64
		{3201652B-7D97-43F4-8F91-C4FE74413D72}.Release|x64.ActiveCfg = Release|x64
		{3201652B-7D97-43F4-8F91-C4FE74413D72}.Release|x64.Build.0 = Release|x64
		{E161DCCB-4DF3-4DBD-90F7-2C2BA3AEE19C}.Debug|x64.ActiveCfg = Debug|x64
		{E161DCCB-4DF3-4DBD-90F7-2C2BA3AEE19C}.Debug|x64.Build.0 = Debug|x64
		{E161DCCB-4DF3-4DBD-90F7-2C2BA3AEE19C}.Release|x64.ActiveCfg = Release|x64
		{E161DCCB-4DF3-4DBD-90F7-2C2BA3AEE19C}.Release|x64.Build.0 = Release|x64
		{51982A78-561A-4829-AA51-F0F35F48E082}.Debug|x64.ActiveCfg = Debug|x64
		{51982A78-561A-4829-AA51-F0F35F48E082}.Debug|x64.Build.0 = Debug|x64
		{51982A78-561A-4829-AA51-F0F35F48E082}.Release|x64.ActiveCfg = Release|x64
		{51982A78-561A-4829-AA51-F0F35F48E082}.Release|x64.Build.0 = Release|x64
	EndGlobalSection
	GlobalSection(SolutionProperties) = preSolution
		HideSolutionNode = FALSE
	EndGlobalSection
	GlobalSection(ExtensibilityGlobals) = postSolution
		SolutionGuid = {99318B1D-EA6E-45B6-9634-369C21377915}
	EndGlobalSection
EndGlobal
